
Microsoft Visual Studio Solution File, Format Version 12.00
# Visual Studio 15
VisualStudioVersion = 15.0.27428.2027
MinimumVisualStudioVersion = 10.0.40219.1
Project("{9A19103F-16F7-4668-BE54-9A1E7A4F7556}") = "Daramee.Nargs", "Daramee.Nargs\Daramee.Nargs.csproj", "{03A8C32C-9F2B-447D-ABBE-632007DD3BA2}"
EndProject
Project("{FAE04EC0-301F-11D3-BF4B-00C04F79EFBC}") = "Test", "Test\Test.csproj", "{FFB51FD9-3A18-440E-AA9D-3D614765913B}"
EndProject
Project("{D954291E-2A0B-460D-934E-DC6B0785DB48}") = "Daramee.Nargs.Shared", "Daramee.Nargs.Shared\Daramee.Nargs.Shared.shproj", "{E13FAA4A-99BD-4A4D-8A1C-C1D3260278CD}"
EndProject
Global
	GlobalSection(SharedMSBuildProjectFiles) = preSolution
		Daramee.Nargs.Shared\Daramee.Nargs.Shared.projitems*{e13faa4a-99bd-4a4d-8a1c-c1d3260278cd}*SharedItemsImports = 13
	EndGlobalSection
	GlobalSection(SolutionConfigurationPlatforms) = preSolution
		Debug|Any CPU = Debug|Any CPU
		Release|Any CPU = Release|Any CPU
	EndGlobalSection
	GlobalSection(ProjectConfigurationPlatforms) = postSolution
		{03A8C32C-9F2B-447D-ABBE-632007DD3BA2}.Debug|Any CPU.ActiveCfg = Debug|Any CPU
		{03A8C32C-9F2B-447D-ABBE-632007DD3BA2}.Debug|Any CPU.Build.0 = Debug|Any CPU
		{03A8C32C-9F2B-447D-ABBE-632007DD3BA2}.Release|Any CPU.ActiveCfg = Release|Any CPU
		{03A8C32C-9F2B-447D-ABBE-632007DD3BA2}.Release|Any CPU.Build.0 = Release|Any CPU
		{FFB51FD9-3A18-440E-AA9D-3D614765913B}.Debug|Any CPU.ActiveCfg = Debug|Any CPU
		{FFB51FD9-3A18-440E-AA9D-3D614765913B}.Debug|Any CPU.Build.0 = Debug|Any CPU
		{FFB51FD9-3A18-440E-AA9D-3D614765913B}.Release|Any CPU.ActiveCfg = Release|Any CPU
		{FFB51FD9-3A18-440E-AA9D-3D614765913B}.Release|Any CPU.Build.0 = Release|Any CPU
	EndGlobalSection
	GlobalSection(SolutionProperties) = preSolution
		HideSolutionNode = FALSE
	EndGlobalSection
	GlobalSection(ExtensibilityGlobals) = postSolution
		SolutionGuid = {E5996E85-CF68-402F-9B50-73595243DB48}
	EndGlobalSection
EndGlobal
